{
    "_meta": {
        "hash": {
            "sha256": "1f787034fd2b9311629df707b0b178087c002a4653439f6bd37b759e193a9026"
        },
        "pipfile-spec": 6,
        "requires": {
            "python_version": "3.6"
        },
        "sources": [
            {
                "name": "pypi",
                "url": "https://pypi.org/simple",
                "verify_ssl": true
            }
        ]
    },
    "default": {
        "dataclasses": {
            "hashes": [
                "sha256:0201d89fa866f68c8ebd9d08ee6ff50c0b255f8ec63a71c16fda7af82bb887bf",
                "sha256:8479067f342acf957dc82ec415d355ab5edb7e7646b90dc6e2fd1d96ad084c97"
            ],
            "index": "pypi",
            "version": "==0.8"
        },
        "dataclasses-json": {
            "hashes": [
                "sha256:56ec931959ede74b5dedf65cf20772e6a79764d20c404794cce0111c88c085ff",
                "sha256:b746c48d9d8e884e2a0ffa59c6220a1b21f94d4f9f12c839da0a8a0efd36dc19"
            ],
            "index": "pypi",
            "version": "==0.5.2"
        },
        "joblib": {
            "hashes": [
                "sha256:75ead23f13484a2a414874779d69ade40d4fa1abe62b222a23cd50d4bc822f6f",
                "sha256:7ad866067ac1fdec27d51c8678ea760601b70e32ff1881d4dc8e1171f2b64b24"
            ],
            "version": "==1.0.0"
        },
        "marshmallow": {
            "hashes": [
                "sha256:4ab2fdb7f36eb61c3665da67a7ce281c8900db08d72ba6bf0e695828253581f7",
                "sha256:eca81d53aa4aafbc0e20566973d0d2e50ce8bf0ee15165bb799bec0df1e50177"
            ],
            "version": "==3.10.0"
        },
        "marshmallow-enum": {
            "hashes": [
                "sha256:38e697e11f45a8e64b4a1e664000897c659b60aa57bfa18d44e226a9920b6e58",
                "sha256:57161ab3dbfde4f57adeb12090f39592e992b9c86d206d02f6bd03ebec60f072"
            ],
            "version": "==1.5.1"
        },
        "mypy-extensions": {
            "hashes": [
                "sha256:090fedd75945a69ae91ce1303b5824f428daf5a028d2f6ab8a299250a846f15d",
                "sha256:2d82818f5bb3e369420cb3c4060a7970edba416647068eb4c5343488a6c604a8"
            ],
            "version": "==0.4.3"
        },
        "numpy": {
            "hashes": [
                "sha256:012426a41bc9ab63bb158635aecccc7610e3eff5d31d1eb43bc099debc979d94",
                "sha256:06fab248a088e439402141ea04f0fffb203723148f6ee791e9c75b3e9e82f080",
                "sha256:0eef32ca3132a48e43f6a0f5a82cb508f22ce5a3d6f67a8329c81c8e226d3f6e",
                "sha256:1ded4fce9cfaaf24e7a0ab51b7a87be9038ea1ace7f34b841fe3b6894c721d1c",
                "sha256:2e55195bc1c6b705bfd8ad6f288b38b11b1af32f3c8289d6c50d47f950c12e76",
                "sha256:2ea52bd92ab9f768cc64a4c3ef8f4b2580a17af0a5436f6126b08efbd1838371",
                "sha256:36674959eed6957e61f11c912f71e78857a8d0604171dfd9ce9ad5cbf41c511c",
                "sha256:384ec0463d1c2671170901994aeb6dce126de0a95ccc3976c43b0038a37329c2",
                "sha256:39b70c19ec771805081578cc936bbe95336798b7edf4732ed102e7a43ec5c07a",
                "sha256:400580cbd3cff6ffa6293df2278c75aef2d58d8d93d3c5614cd67981dae68ceb",
                "sha256:43d4c81d5ffdff6bae58d66a3cd7f54a7acd9a0e7b18d97abb255defc09e3140",
                "sha256:50a4a0ad0111cc1b71fa32dedd05fa239f7fb5a43a40663269bb5dc7877cfd28",
                "sha256:603aa0706be710eea8884af807b1b3bc9fb2e49b9f4da439e76000f3b3c6ff0f",
                "sha256:6149a185cece5ee78d1d196938b2a8f9d09f5a5ebfbba66969302a778d5ddd1d",
                "sha256:759e4095edc3c1b3ac031f34d9459fa781777a93ccc633a472a5468587a190ff",
                "sha256:7fb43004bce0ca31d8f13a6eb5e943fa73371381e53f7074ed21a4cb786c32f8",
                "sha256:811daee36a58dc79cf3d8bdd4a490e4277d0e4b7d103a001a4e73ddb48e7e6aa",
                "sha256:8b5e972b43c8fc27d56550b4120fe6257fdc15f9301914380b27f74856299fea",
                "sha256:99abf4f353c3d1a0c7a5f27699482c987cf663b1eac20db59b8c7b061eabd7fc",
                "sha256:a0d53e51a6cb6f0d9082decb7a4cb6dfb33055308c4c44f53103c073f649af73",
                "sha256:a12ff4c8ddfee61f90a1633a4c4afd3f7bcb32b11c52026c92a12e1325922d0d",
                "sha256:a4646724fba402aa7504cd48b4b50e783296b5e10a524c7a6da62e4a8ac9698d",
                "sha256:a76f502430dd98d7546e1ea2250a7360c065a5fdea52b2dffe8ae7180909b6f4",
                "sha256:a9d17f2be3b427fbb2bce61e596cf555d6f8a56c222bd2ca148baeeb5e5c783c",
                "sha256:ab83f24d5c52d60dbc8cd0528759532736b56db58adaa7b5f1f76ad551416a1e",
                "sha256:aeb9ed923be74e659984e321f609b9ba54a48354bfd168d21a2b072ed1e833ea",
                "sha256:c843b3f50d1ab7361ca4f0b3639bf691569493a56808a0b0c54a051d260b7dbd",
                "sha256:cae865b1cae1ec2663d8ea56ef6ff185bad091a5e33ebbadd98de2cfa3fa668f",
                "sha256:cc6bd4fd593cb261332568485e20a0712883cf631f6f5e8e86a52caa8b2b50ff",
                "sha256:cf2402002d3d9f91c8b01e66fbb436a4ed01c6498fffed0e4c7566da1d40ee1e",
                "sha256:d051ec1c64b85ecc69531e1137bb9751c6830772ee5c1c426dbcfe98ef5788d7",
                "sha256:d6631f2e867676b13026e2846180e2c13c1e11289d67da08d71cacb2cd93d4aa",
                "sha256:dbd18bcf4889b720ba13a27ec2f2aac1981bd41203b3a3b27ba7a33f88ae4827",
                "sha256:df609c82f18c5b9f6cb97271f03315ff0dbe481a2a02e56aeb1b1a985ce38e60"
            ],
            "index": "pypi",
            "version": "==1.19.5"
        },
        "pygame": {
            "hashes": [
                "sha256:0571dde0277483f5060c8ee43cbfd8df5776b12505e3948eee241c8ce9b93371",
                "sha256:07ed57062be4bb9741f57dab1751d95574c091c9958ed7e39cdb246d50903283",
                "sha256:107d5f82f471baee4b9522a691cb320dd52dbf329ed7a0e9ab25f75cd3caf890",
                "sha256:10ca736eecedadf492ba1191f9fa3a5e6f30db2b9f8882b3ee7706d5a89c14e0",
                "sha256:19357c826ab94f9ae5b4ec5cb752cc806cfc29ea32cf7bdaacb65fa2615607e8",
                "sha256:21475405bcdeb20b8a796a3da6704ebb816e06b29749dd64ff619e80816b7932",
                "sha256:2d9b0a66034fed390ee367a549435853502c9d4fe82ac0fa3a520f0ad5648e6e",
                "sha256:30eb5c7adb0b3362024cec2c461be6978fbfc99c3bca974e438b1b540cd09438",
                "sha256:3270cbcff40ca2b5622a145346298a33285c91b6d50097e0b85123d9a2bc7c9b",
                "sha256:328d70d40bc9a6defb9f330f5e7f3d0726af1e7c2308ebca582e69480db2950d",
                "sha256:3b31d088129977885f72037c55cfa1140e9bcf3468e68b46141f6cc2b33d456b",
                "sha256:3c2676b4fd278d632037eacd3b0524ce1a592c048e8e5eb5830475f83585cb3a",
                "sha256:44f3ff8224d7cb998642400371c685005c8316b55e87794cbf1f6407b88ec424",
                "sha256:49c2f58559c1fbf4ba258e4b141578ccb0e83da3d4f823894f6171a8f0d594ed",
                "sha256:4d3135a1f8c76c3fff1ef8b7a51e4c6523748e9bdbd7bca6daa69790ce0e798a",
                "sha256:4f41252dfa1e8bb95f2ea51fba710827dde9820a535623d002a65621bafe7e3f",
                "sha256:5aeeb6659a7fe7760a78e449566553ae8c949ae29dd907a8eb4171fa0a274c16",
                "sha256:5afc34f0af0cec09a20b6bb09090054fac5169ab01909e01b06e7e0752ab0153",
                "sha256:5f057e5aa4c383fcf18560dcae2c5593e37e3fc941083a0a00a17f7cf25ee522",
                "sha256:72625dc949c6d08ba7ce7c37a33163bb498d90ca0d7e626db3cfbf486df4db1d",
                "sha256:7ea518d8eeb072c77c16977cdee3c59d9fffa750ed9c7c9c533ba520b6b08af7",
                "sha256:81510ffb1c31a3827c6be047b1926d81caf36dc734564ca0e14903d6bce60c6f",
                "sha256:845385caf99f8d941607791c60e560d24b4a35c70eef0b01c30cfde0b913ff92",
                "sha256:898874521a9be1f9dbc5b036a9755803287c2664e335afd3e10963f7f4ccb853",
                "sha256:8b1e7b63f47aafcdd8849933b206778747ef1802bd3d526aca45ed77141e4001",
                "sha256:9aead3f2eed90260136b201f398965900c5335c974bb7b47c381d98e39284018",
                "sha256:9de559462aaa68c40bb7625dcd587584b4eb85c4208528dc97b9ee7254945294",
                "sha256:9f48277de1daa83fd58a722b2e3423201b5eb39842227f32702fb78e4bba5a71",
                "sha256:9fd0691c4fe58b932674bb6a91d2808790e8269c3183ef16052f13e1c602ac00",
                "sha256:a4e35d89b6754941e82df1ce980a1c370943d3c076938d94ed1e48165dd6a11b",
                "sha256:ad230911d61f448c09886d3c92b2eae44ca7530babe9c48e74e02a0622ce2d34",
                "sha256:b812285d23b5644c643a6ae30553a772f935f47f61826660b108b8727936384b",
                "sha256:bf833c853a0568738ee5d88e1345c17bf3e8db626c36fb895327a35bb1827b0b",
                "sha256:c188ce4bf1544f2758e8b651f4349a0f3dc441e09d8ab7c4863db1ae8f084a32",
                "sha256:d8059084ce54b2c3d7b2c8bacd5f6490db849b2d2d6e7368c160b08504c87e73",
                "sha256:e72cdc97a49509ca2298350c2c3a0ac26bc8e943ce003a7d245df42e91439d5d",
                "sha256:eab18df58dcc8512f1b694f7218146828d7e3dd3f4e73bfd6942a11810293fd5",
                "sha256:ece424c83a575c2e0ba25815871458d3bbade46d76b7997236fb51a0251229ab",
                "sha256:ed80b40da839d60f4c03915bb3638e3c96ea8c30e689d0cc309b7597d82cc217",
                "sha256:fd5ee0f42d59a290c049f91894e0739f62c2908e7edc028ffb847a105e68bfc3",
                "sha256:fd6acd09d2a0fd3f616b18f977f399ed3dd95e2d6754f115837f026d19d62e10"
            ],
            "index": "pypi",
            "version": "==2.0.1"
        },
        "pygame-widgets": {
            "hashes": [
                "sha256:5e8ac10d8a3af1a9f7dcacb874a5d5e8404e3d4b908c9bc757ba3b9af1859501",
                "sha256:742ff84bcc4ee2ebea5e121dc4a8231f7a071b5de4399855f3aca05b4e308f94"
            ],
            "index": "pypi",
            "version": "==0.2.9"
        },
        "scikit-learn": {
            "hashes": [
                "sha256:1adf483e91007a87171d7ce58c34b058eb5dab01b5fee6052f15841778a8ecd8",
                "sha256:259ec35201e82e2db1ae2496f229e63f46d7f1695ae68eef9350b00dc74ba52f",
                "sha256:3c4f07f47c04e81b134424d53c3f5e16dfd7f494e44fd7584ba9ce9de2c5e6c1",
                "sha256:4562dcf4793e61c5d0f89836d07bc37521c3a1889da8f651e2c326463c4bd697",
                "sha256:7b04691eb2f41d2c68dbda8d1bd3cb4ef421bdc43aaa56aeb6c762224552dfb6",
                "sha256:826b92bf45b8ad80444814e5f4ac032156dd481e48d7da33d611f8fe96d5f08b",
                "sha256:83b21ff053b1ff1c018a2d24db6dd3ea339b1acfbaa4d9c881731f43748d8b3b",
                "sha256:8772b99d683be8f67fcc04789032f1b949022a0e6880ee7b75a7ec97dbbb5d0b",
                "sha256:895dbf2030aa7337649e36a83a007df3c9811396b4e2fa672a851160f36ce90c",
                "sha256:8aa1b3ac46b80eaa552b637eeadbbce3be5931e4b5002b964698e33a1b589e1e",
                "sha256:99349d77f54e11f962d608d94dfda08f0c9e5720d97132233ebdf35be2858b2d",
                "sha256:9a24d1ccec2a34d4cd3f2a1f86409f3f5954cc23d4d2270ba0d03cf018aa4780",
                "sha256:9bed8a1ef133c8e2f13966a542cb8125eac7f4b67dcd234197c827ba9c7dd3e0",
                "sha256:9c6097b6a9b2bafc5e0f31f659e6ab5e131383209c30c9e978c5b8abdac5ed2a",
                "sha256:9dfa564ef27e8e674aa1cc74378416d580ac4ede1136c13dd555a87996e13422",
                "sha256:a0334a1802e64d656022c3bfab56a73fbd6bf4b1298343f3688af2151810bbdf",
                "sha256:c3deb3b19dd9806acf00cf0d400e84562c227723013c33abefbbc3cf906596e9",
                "sha256:d54dbaadeb1425b7d6a66bf44bee2bb2b899fe3e8850b8e94cfb9c904dcb46d0",
                "sha256:ddb52d088889f5596bc4d1de981f2eca106b58243b6679e4782f3ba5096fd645",
                "sha256:ed9d65594948678827f4ff0e7ae23344e2f2b4cabbca057ccaed3118fdc392ca",
                "sha256:fab31f48282ebf54dd69f6663cd2d9800096bad1bb67bbc9c9ac84eb77b41972"
            ],
            "version": "==0.24.1"
        },
        "scipy": {
            "hashes": [
                "sha256:168c45c0c32e23f613db7c9e4e780bc61982d71dcd406ead746c7c7c2f2004ce",
                "sha256:213bc59191da2f479984ad4ec39406bf949a99aba70e9237b916ce7547b6ef42",
                "sha256:25b241034215247481f53355e05f9e25462682b13bd9191359075682adcd9554",
                "sha256:2c872de0c69ed20fb1a9b9cf6f77298b04a26f0b8720a5457be08be254366c6e",
                "sha256:3397c129b479846d7eaa18f999369a24322d008fac0782e7828fa567358c36ce",
                "sha256:368c0f69f93186309e1b4beb8e26d51dd6f5010b79264c0f1e9ca00cd92ea8c9",
                "sha256:3d5db5d815370c28d938cf9b0809dade4acf7aba57eaf7ef733bfedc9b2474c4",
                "sha256:4598cf03136067000855d6b44d7a1f4f46994164bcd450fb2c3d481afc25dd06",
                "sha256:4a453d5e5689de62e5d38edf40af3f17560bfd63c9c5bd228c18c1f99afa155b",
                "sha256:4f12d13ffbc16e988fa40809cbbd7a8b45bc05ff6ea0ba8e3e41f6f4db3a9e47",
                "sha256:634568a3018bc16a83cda28d4f7aed0d803dd5618facb36e977e53b2df868443",
                "sha256:65923bc3809524e46fb7eb4d6346552cbb6a1ffc41be748535aa502a2e3d3389",
                "sha256:6b0ceb23560f46dd236a8ad4378fc40bad1783e997604ba845e131d6c680963e",
                "sha256:8c8d6ca19c8497344b810b0b0344f8375af5f6bb9c98bd42e33f747417ab3f57",
                "sha256:9ad4fcddcbf5dc67619379782e6aeef41218a79e17979aaed01ed099876c0e62",
                "sha256:a254b98dbcc744c723a838c03b74a8a34c0558c9ac5c86d5561703362231107d",
                "sha256:b03c4338d6d3d299e8ca494194c0ae4f611548da59e3c038813f1a43976cb437",
                "sha256:cc1f78ebc982cd0602c9a7615d878396bec94908db67d4ecddca864d049112f2",
                "sha256:d6d25c41a009e3c6b7e757338948d0076ee1dd1770d1c09ec131f11946883c54",
                "sha256:d84cadd7d7998433334c99fa55bcba0d8b4aeff0edb123b2a1dfcface538e474",
                "sha256:e360cb2299028d0b0d0f65a5c5e51fc16a335f1603aa2357c25766c8dab56938",
                "sha256:e98d49a5717369d8241d6cf33ecb0ca72deee392414118198a8e5b4c35c56340",
                "sha256:ed572470af2438b526ea574ff8f05e7f39b44ac37f712105e57fc4d53a6fb660",
                "sha256:f87b39f4d69cf7d7529d7b1098cb712033b17ea7714aed831b95628f483fd012",
                "sha256:fa789583fc94a7689b45834453fec095245c7e69c58561dc159b5d5277057e4c"
            ],
            "index": "pypi",
            "version": "==1.5.4"
        },
        "sklearn": {
            "hashes": [
                "sha256:e23001573aa194b834122d2b9562459bf5ae494a2d59ca6b8aa22c85a44c0e31"
            ],
            "index": "pypi",
            "version": "==0.0"
        },
        "stringcase": {
            "hashes": [
                "sha256:48a06980661908efe8d9d34eab2b6c13aefa2163b3ced26972902e3bdfd87008"
            ],
            "version": "==1.2.0"
        },
        "threadpoolctl": {
            "hashes": [
                "sha256:38b74ca20ff3bb42caca8b00055111d74159ee95c4370882bbff2b93d24da725",
                "sha256:ddc57c96a38beb63db45d6c159b5ab07b6bced12c45a1f07b2b92f272aebfa6b"
            ],
            "version": "==2.1.0"
        },
        "tqdm": {
            "hashes": [
                "sha256:4621f6823bab46a9cc33d48105753ccbea671b68bab2c50a9f0be23d4065cb5a",
                "sha256:fe3d08dd00a526850568d542ff9de9bbc2a09a791da3c334f3213d8d0bbbca65"
            ],
            "index": "pypi",
            "version": "==4.56.0"
        },
        "typing-extensions": {
            "hashes": [
                "sha256:7cb407020f00f7bfc3cb3e7881628838e69d8f3fcab2f64742a5e76b2f841918",
                "sha256:99d4073b617d30288f569d3f13d2bd7548c3a7e4c8de87db09a9d29bb3a4a60c",
                "sha256:dafc7639cde7f1b6e1acc0f457842a83e722ccca8eef5270af2d74792619a89f"
            ],
            "version": "==3.7.4.3"
        },
        "typing-inspect": {
            "hashes": [
                "sha256:3b98390df4d999a28cf5b35d8b333425af5da2ece8a4ea9e98f71e7591347b4f",
                "sha256:8f1b1dd25908dbfd81d3bebc218011531e7ab614ba6e5bf7826d887c834afab7",
                "sha256:de08f50a22955ddec353876df7b2545994d6df08a2f45d54ac8c05e530372ca0"
            ],
            "version": "==0.6.0"
        }
    },
    "develop": {}
}
